{
  "name": "AdmiralBulldog",
  "version": "1.0.0",
  "lockfileVersion": 1,
  "requires": true,
  "dependencies": {
    "@vue/apollo-composable": {
      "version": "4.0.0-alpha.12",
      "resolved": "https://registry.npmjs.org/@vue/apollo-composable/-/apollo-composable-4.0.0-alpha.12.tgz",
      "integrity": "sha512-P0Zxip0idW7HAkLAmvtso+UNdTNCm+mwAKvw9Nup4MzESDvfuvhXfOxYPZCKtd4Y8fS1FZ0dBGbOrxeQHYyfwQ==",
      "requires": {
        "throttle-debounce": "^3.0.1",
        "ts-essentials": "^9.0.0",
        "vue-demi": "^0.12.1"
      }
    },
    "throttle-debounce": {
      "version": "3.0.1",
      "resolved": "https://registry.npmjs.org/throttle-debounce/-/throttle-debounce-3.0.1.tgz",
      "integrity": "sha512-dTEWWNu6JmeVXY0ZYoPuH5cRIwc0MeGbJwah9KUNYSJwommQpCzTySTpEe8Gs1J23aeWEuAobe4Ag7EHVt/LOg=="
    },
    "ts-essentials": {
      "version": "9.1.2",
      "resolved": "https://registry.npmjs.org/ts-essentials/-/ts-essentials-9.1.2.tgz",
      "integrity": "sha512-EaSmXsAhEiirrTY1Oaa7TSpei9dzuCuFPmjKRJRPamERYtfaGS8/KpOSbjergLz/Y76/aZlV9i/krgzsuWEBbg=="
    },
    "vue-demi": {
      "version": "0.12.1",
      "resolved": "https://registry.npmjs.org/vue-demi/-/vue-demi-0.12.1.tgz",
      "integrity": "sha512-QL3ny+wX8c6Xm1/EZylbgzdoDolye+VpCXRhI2hug9dJTP3OUJ3lmiKN3CsVV3mOJKwFi0nsstbgob0vG7aoIw=="
    },
    "yarn": {
      "version": "1.22.17",
      "resolved": "https://registry.npmjs.org/yarn/-/yarn-1.22.17.tgz",
      "integrity": "sha512-H0p241BXaH0UN9IeH//RT82tl5PfNraVpSpEoW+ET7lmopNC61eZ+A+IDvU8FM6Go5vx162SncDL8J1ZjRBriQ=="
    }
  }
}
